
Microsoft Visual Studio Solution File, Format Version 12.00
# Visual Studio Version 17
VisualStudioVersion = 17.6.33723.286
MinimumVisualStudioVersion = 10.0.40219.1
Project("{9A19103F-16F7-4668-BE54-9A1E7A4F7556}") = "TPMapEditor", "TPMapEditor\TPMapEditor.csproj", "{D59D82DA-75C5-433B-9B41-E50FE452F353}"
EndProject
Global
	GlobalSection(SolutionConfigurationPlatforms) = preSolution
		Debug|Any CPU = Debug|Any CPU
		Release|Any CPU = Release|Any CPU
	EndGlobalSection
	GlobalSection(ProjectConfigurationPlatforms) = postSolution
		{D59D82DA-75C5-433B-9B41-E50FE452F353}.Debug|Any CPU.ActiveCfg = Debug|Any CPU
		{D59D82DA-75C5-433B-9B41-E50FE452F353}.Debug|Any CPU.Build.0 = Debug|Any CPU
		{D59D82DA-75C5-433B-9B41-E50FE452F353}.Release|Any CPU.ActiveCfg = Release|Any CPU
		{D59D82DA-75C5-433B-9B41-E50FE452F353}.Release|Any CPU.Build.0 = Release|Any CPU
	EndGlobalSection
	GlobalSection(SolutionProperties) = preSolution
		HideSolutionNode = FALSE
	EndGlobalSection
	GlobalSection(ExtensibilityGlobals) = postSolution
		SolutionGuid = {110DBA6B-74F0-48C7-AFCB-80A6870D6026}
	EndGlobalSection
EndGlobal
